
Microsoft Visual Studio Solution File, Format Version 12.00
# Visual Studio Version 17
VisualStudioVersion = 17.9.34728.123
MinimumVisualStudioVersion = 10.0.40219.1
Project("{9A19103F-16F7-4668-BE54-9A1E7A4F7556}") = "Task1", "Task1\Task1.csproj", "{E2F02CAF-BC41-4B3C-A7AB-A3B80841255C}"
EndProject
Project("{FAE04EC0-301F-11D3-BF4B-00C04F79EFBC}") = "Task1.1", "Task1.1\Task1.1.csproj", "{D2929E7C-2406-4B6E-8F7D-B68525DD9F80}"
EndProject
Project("{FAE04EC0-301F-11D3-BF4B-00C04F79EFBC}") = "task4", "task4\task4.csproj", "{90673346-0A54-4C32-9560-974D84C24D85}"
EndProject
Global
	GlobalSection(SolutionConfigurationPlatforms) = preSolution
		Debug|Any CPU = Debug|Any CPU
		Release|Any CPU = Release|Any CPU
	EndGlobalSection
	GlobalSection(ProjectConfigurationPlatforms) = postSolution
		{E2F02CAF-BC41-4B3C-A7AB-A3B80841255C}.Debug|Any CPU.ActiveCfg = Debug|Any CPU
		{E2F02CAF-BC41-4B3C-A7AB-A3B80841255C}.Debug|Any CPU.Build.0 = Debug|Any CPU
		{E2F02CAF-BC41-4B3C-A7AB-A3B80841255C}.Release|Any CPU.ActiveCfg = Release|Any CPU
		{E2F02CAF-BC41-4B3C-A7AB-A3B80841255C}.Release|Any CPU.Build.0 = Release|Any CPU
		{D2929E7C-2406-4B6E-8F7D-B68525DD9F80}.Debug|Any CPU.ActiveCfg = Debug|Any CPU
		{D2929E7C-2406-4B6E-8F7D-B68525DD9F80}.Debug|Any CPU.Build.0 = Debug|Any CPU
		{D2929E7C-2406-4B6E-8F7D-B68525DD9F80}.Release|Any CPU.ActiveCfg = Release|Any CPU
		{D2929E7C-2406-4B6E-8F7D-B68525DD9F80}.Release|Any CPU.Build.0 = Release|Any CPU
		{90673346-0A54-4C32-9560-974D84C24D85}.Debug|Any CPU.ActiveCfg = Debug|Any CPU
		{90673346-0A54-4C32-9560-974D84C24D85}.Debug|Any CPU.Build.0 = Debug|Any CPU
		{90673346-0A54-4C32-9560-974D84C24D85}.Release|Any CPU.ActiveCfg = Release|Any CPU
		{90673346-0A54-4C32-9560-974D84C24D85}.Release|Any CPU.Build.0 = Release|Any CPU
	EndGlobalSection
	GlobalSection(SolutionProperties) = preSolution
		HideSolutionNode = FALSE
	EndGlobalSection
	GlobalSection(ExtensibilityGlobals) = postSolution
		SolutionGuid = {216336DF-914B-44EF-955B-3B661B31074B}
	EndGlobalSection
EndGlobal
